
Microsoft Visual Studio Solution File, Format Version 12.00
# Visual Studio Version 16
VisualStudioVersion = 16.0.31025.194
MinimumVisualStudioVersion = 10.0.40219.1
Project("{FAE04EC0-301F-11D3-BF4B-00C04F79EFBC}") = "DownloadsTimeLog", "DownloadsTimeLog\DownloadsTimeLog.csproj", "{7C9D60C3-D0C3-43B9-813B-468847B8F026}"
EndProject
Global
	GlobalSection(SolutionConfigurationPlatforms) = preSolution
		Debug|Any CPU = Debug|Any CPU
		Release|Any CPU = Release|Any CPU
	EndGlobalSection
	GlobalSection(ProjectConfigurationPlatforms) = postSolution
		{7C9D60C3-D0C3-43B9-813B-468847B8F026}.Debug|Any CPU.ActiveCfg = Debug|Any CPU
		{7C9D60C3-D0C3-43B9-813B-468847B8F026}.Debug|Any CPU.Build.0 = Debug|Any CPU
		{7C9D60C3-D0C3-43B9-813B-468847B8F026}.Release|Any CPU.ActiveCfg = Release|Any CPU
		{7C9D60C3-D0C3-43B9-813B-468847B8F026}.Release|Any CPU.Build.0 = Release|Any CPU
	EndGlobalSection
	GlobalSection(SolutionProperties) = preSolution
		HideSolutionNode = FALSE
	EndGlobalSection
	GlobalSection(ExtensibilityGlobals) = postSolution
		SolutionGuid = {F2143928-3B01-472E-A199-E1A76DBEC5F8}
	EndGlobalSection
EndGlobal
